
Microsoft Visual Studio Solution File, Format Version 12.00
# Visual Studio Version 16
VisualStudioVersion = 16.0.30002.166
MinimumVisualStudioVersion = 10.0.40219.1
Project("{FAE04EC0-301F-11D3-BF4B-00C04F79EFBC}") = "phone", "phone\phone.csproj", "{3AD998BA-8756-4D65-9067-93F5150BFD9B}"
EndProject
Project("{FAE04EC0-301F-11D3-BF4B-00C04F79EFBC}") = "Door", "Door\Door.csproj", "{C3EEAF93-DE3C-4B2B-9405-85CEAAEAEC19}"
EndProject
Project("{FAE04EC0-301F-11D3-BF4B-00C04F79EFBC}") = "car constructor", "..\..\car-constructor\car constructor\car constructor.csproj", "{306F4C40-9019-4EBB-9400-78535273C441}"
EndProject
Global
	GlobalSection(SolutionConfigurationPlatforms) = preSolution
		Debug|Any CPU = Debug|Any CPU
		Release|Any CPU = Release|Any CPU
	EndGlobalSection
	GlobalSection(ProjectConfigurationPlatforms) = postSolution
		{3AD998BA-8756-4D65-9067-93F5150BFD9B}.Debug|Any CPU.ActiveCfg = Debug|Any CPU
		{3AD998BA-8756-4D65-9067-93F5150BFD9B}.Debug|Any CPU.Build.0 = Debug|Any CPU
		{3AD998BA-8756-4D65-9067-93F5150BFD9B}.Release|Any CPU.ActiveCfg = Release|Any CPU
		{3AD998BA-8756-4D65-9067-93F5150BFD9B}.Release|Any CPU.Build.0 = Release|Any CPU
		{C3EEAF93-DE3C-4B2B-9405-85CEAAEAEC19}.Debug|Any CPU.ActiveCfg = Debug|Any CPU
		{C3EEAF93-DE3C-4B2B-9405-85CEAAEAEC19}.Debug|Any CPU.Build.0 = Debug|Any CPU
		{C3EEAF93-DE3C-4B2B-9405-85CEAAEAEC19}.Release|Any CPU.ActiveCfg = Release|Any CPU
		{C3EEAF93-DE3C-4B2B-9405-85CEAAEAEC19}.Release|Any CPU.Build.0 = Release|Any CPU
		{306F4C40-9019-4EBB-9400-78535273C441}.Debug|Any CPU.ActiveCfg = Debug|Any CPU
		{306F4C40-9019-4EBB-9400-78535273C441}.Debug|Any CPU.Build.0 = Debug|Any CPU
		{306F4C40-9019-4EBB-9400-78535273C441}.Release|Any CPU.ActiveCfg = Release|Any CPU
		{306F4C40-9019-4EBB-9400-78535273C441}.Release|Any CPU.Build.0 = Release|Any CPU
	EndGlobalSection
	GlobalSection(SolutionProperties) = preSolution
		HideSolutionNode = FALSE
	EndGlobalSection
	GlobalSection(ExtensibilityGlobals) = postSolution
		SolutionGuid = {4054945C-8AF0-4B66-AE6D-EAA1AEF78FBA}
	EndGlobalSection
EndGlobal
